PODS:
  - Expecta (0.3.1)
  - LKPayment (0.1.0)
  - Specta (0.2.1)

DEPENDENCIES:
  - Expecta
  - LKPayment (from `../`)
  - Specta (~> 0.2.1)

EXTERNAL SOURCES:
  LKPayment:
    :path: ../

SPEC CHECKSUMS:
  Expecta: 03aabd0a89d8dea843baecb19a7fd7466a69a31d
  LKPayment: b0e47d747546668f02bc91f84433999c66645756
  Specta: 9141310f46b1f68b676650ff2854e1ed0b74163a

COCOAPODS: 0.33.1
